
Microsoft Visual Studio Solution File, Format Version 12.00
# Visual Studio 15
VisualStudioVersion = 15.0.26124.0
MinimumVisualStudioVersion = 15.0.26124.0
Project("{FAE04EC0-301F-11D3-BF4B-00C04F79EFBC}") = "MedianWithHeaps", "lib\MedianWithHeaps.csproj", "{020FD3C7-287D-4E79-873A-B6DAF438FC0F}"
EndProject
Project("{FAE04EC0-301F-11D3-BF4B-00C04F79EFBC}") = "MedianWithHeaps.Test", "test\MedianWithHeaps.Test.csproj", "{3E327B6C-E20C-4EDE-8A1F-7D585B5DD8ED}"
EndProject
Global
	GlobalSection(SolutionConfigurationPlatforms) = preSolution
		Debug|Any CPU = Debug|Any CPU
		Debug|x64 = Debug|x64
		Debug|x86 = Debug|x86
		Release|Any CPU = Release|Any CPU
		Release|x64 = Release|x64
		Release|x86 = Release|x86
	EndGlobalSection
	GlobalSection(SolutionProperties) = preSolution
		HideSolutionNode = FALSE
	EndGlobalSection
	GlobalSection(ProjectConfigurationPlatforms) = postSolution
		{020FD3C7-287D-4E79-873A-B6DAF438FC0F}.Debug|Any CPU.ActiveCfg = Debug|Any CPU
		{020FD3C7-287D-4E79-873A-B6DAF438FC0F}.Debug|Any CPU.Build.0 = Debug|Any CPU
		{020FD3C7-287D-4E79-873A-B6DAF438FC0F}.Debug|x64.ActiveCfg = Debug|Any CPU
		{020FD3C7-287D-4E79-873A-B6DAF438FC0F}.Debug|x64.Build.0 = Debug|Any CPU
		{020FD3C7-287D-4E79-873A-B6DAF438FC0F}.Debug|x86.ActiveCfg = Debug|Any CPU
		{020FD3C7-287D-4E79-873A-B6DAF438FC0F}.Debug|x86.Build.0 = Debug|Any CPU
		{020FD3C7-287D-4E79-873A-B6DAF438FC0F}.Release|Any CPU.ActiveCfg = Release|Any CPU
		{020FD3C7-287D-4E79-873A-B6DAF438FC0F}.Release|Any CPU.Build.0 = Release|Any CPU
		{020FD3C7-287D-4E79-873A-B6DAF438FC0F}.Release|x64.ActiveCfg = Release|Any CPU
		{020FD3C7-287D-4E79-873A-B6DAF438FC0F}.Release|x64.Build.0 = Release|Any CPU
		{020FD3C7-287D-4E79-873A-B6DAF438FC0F}.Release|x86.ActiveCfg = Release|Any CPU
		{020FD3C7-287D-4E79-873A-B6DAF438FC0F}.Release|x86.Build.0 = Release|Any CPU
		{3E327B6C-E20C-4EDE-8A1F-7D585B5DD8ED}.Debug|Any CPU.ActiveCfg = Debug|Any CPU
		{3E327B6C-E20C-4EDE-8A1F-7D585B5DD8ED}.Debug|Any CPU.Build.0 = Debug|Any CPU
		{3E327B6C-E20C-4EDE-8A1F-7D585B5DD8ED}.Debug|x64.ActiveCfg = Debug|Any CPU
		{3E327B6C-E20C-4EDE-8A1F-7D585B5DD8ED}.Debug|x64.Build.0 = Debug|Any CPU
		{3E327B6C-E20C-4EDE-8A1F-7D585B5DD8ED}.Debug|x86.ActiveCfg = Debug|Any CPU
		{3E327B6C-E20C-4EDE-8A1F-7D585B5DD8ED}.Debug|x86.Build.0 = Debug|Any CPU
		{3E327B6C-E20C-4EDE-8A1F-7D585B5DD8ED}.Release|Any CPU.ActiveCfg = Release|Any CPU
		{3E327B6C-E20C-4EDE-8A1F-7D585B5DD8ED}.Release|Any CPU.Build.0 = Release|Any CPU
		{3E327B6C-E20C-4EDE-8A1F-7D585B5DD8ED}.Release|x64.ActiveCfg = Release|Any CPU
		{3E327B6C-E20C-4EDE-8A1F-7D585B5DD8ED}.Release|x64.Build.0 = Release|Any CPU
		{3E327B6C-E20C-4EDE-8A1F-7D585B5DD8ED}.Release|x86.ActiveCfg = Release|Any CPU
		{3E327B6C-E20C-4EDE-8A1F-7D585B5DD8ED}.Release|x86.Build.0 = Release|Any CPU
	EndGlobalSection
EndGlobal
